
Microsoft Visual Studio Solution File, Format Version 12.00
# Visual Studio Version 17
VisualStudioVersion = 17.14.37111.16 d17.14
MinimumVisualStudioVersion = 10.0.40219.1
Project("{888888A0-9F3D-457C-B088-3A5042F75D52}") = "hackathonApp", "hackathonApp\hackathonApp.pyproj", "{81DBA78F-0F2D-482B-A25E-7996B1D5E80C}"
EndProject
Global
	GlobalSection(SolutionConfigurationPlatforms) = preSolution
		Debug|Any CPU = Debug|Any CPU
		Release|Any CPU = Release|Any CPU
	EndGlobalSection
	GlobalSection(ProjectConfigurationPlatforms) = postSolution
		{81DBA78F-0F2D-482B-A25E-7996B1D5E80C}.Debug|Any CPU.ActiveCfg = Debug|Any CPU
		{81DBA78F-0F2D-482B-A25E-7996B1D5E80C}.Release|Any CPU.ActiveCfg = Release|Any CPU
	EndGlobalSection
	GlobalSection(SolutionProperties) = preSolution
		HideSolutionNode = FALSE
	EndGlobalSection
	GlobalSection(ExtensibilityGlobals) = postSolution
		SolutionGuid = {CE3E025D-5FC0-4C73-9E80-A749B403703A}
	EndGlobalSection
EndGlobal
